
Microsoft Visual Studio Solution File, Format Version 12.00
# Visual Studio Version 17
VisualStudioVersion = 17.0.31912.275
MinimumVisualStudioVersion = 10.0.40219.1
Project("{9A19103F-16F7-4668-BE54-9A1E7A4F7556}") = "Consola", "Consola\Consola.csproj", "{7FCEEFD7-092D-4641-8EEF-E5A5DE7B21E0}"
EndProject
Project("{9A19103F-16F7-4668-BE54-9A1E7A4F7556}") = "Logica", "Logica\Logica.csproj", "{7EE2BEF3-A477-45FE-8408-42B07B0865AD}"
EndProject
Project("{9A19103F-16F7-4668-BE54-9A1E7A4F7556}") = "Entidades", "Entidades\Entidades.csproj", "{27312B31-4B5C-41BC-86AB-4C8DFC7A4718}"
EndProject
Project("{9A19103F-16F7-4668-BE54-9A1E7A4F7556}") = "Eventos", "Eventos\Eventos.csproj", "{9D7290DB-11FE-4853-B3CF-FA63AC3D510F}"
EndProject
Project("{FAE04EC0-301F-11D3-BF4B-00C04F79EFBC}") = "ClaseEstatica", "Clase estatica\ClaseEstatica.csproj", "{81FCC037-8E8B-439C-AE92-B82822FAB34F}"
EndProject
Global
	GlobalSection(SolutionConfigurationPlatforms) = preSolution
		Debug|Any CPU = Debug|Any CPU
		Release|Any CPU = Release|Any CPU
	EndGlobalSection
	GlobalSection(ProjectConfigurationPlatforms) = postSolution
		{7FCEEFD7-092D-4641-8EEF-E5A5DE7B21E0}.Debug|Any CPU.ActiveCfg = Debug|Any CPU
		{7FCEEFD7-092D-4641-8EEF-E5A5DE7B21E0}.Debug|Any CPU.Build.0 = Debug|Any CPU
		{7FCEEFD7-092D-4641-8EEF-E5A5DE7B21E0}.Release|Any CPU.ActiveCfg = Release|Any CPU
		{7FCEEFD7-092D-4641-8EEF-E5A5DE7B21E0}.Release|Any CPU.Build.0 = Release|Any CPU
		{7EE2BEF3-A477-45FE-8408-42B07B0865AD}.Debug|Any CPU.ActiveCfg = Debug|Any CPU
		{7EE2BEF3-A477-45FE-8408-42B07B0865AD}.Debug|Any CPU.Build.0 = Debug|Any CPU
		{7EE2BEF3-A477-45FE-8408-42B07B0865AD}.Release|Any CPU.ActiveCfg = Release|Any CPU
		{7EE2BEF3-A477-45FE-8408-42B07B0865AD}.Release|Any CPU.Build.0 = Release|Any CPU
		{27312B31-4B5C-41BC-86AB-4C8DFC7A4718}.Debug|Any CPU.ActiveCfg = Debug|Any CPU
		{27312B31-4B5C-41BC-86AB-4C8DFC7A4718}.Debug|Any CPU.Build.0 = Debug|Any CPU
		{27312B31-4B5C-41BC-86AB-4C8DFC7A4718}.Release|Any CPU.ActiveCfg = Release|Any CPU
		{27312B31-4B5C-41BC-86AB-4C8DFC7A4718}.Release|Any CPU.Build.0 = Release|Any CPU
		{9D7290DB-11FE-4853-B3CF-FA63AC3D510F}.Debug|Any CPU.ActiveCfg = Debug|Any CPU
		{9D7290DB-11FE-4853-B3CF-FA63AC3D510F}.Debug|Any CPU.Build.0 = Debug|Any CPU
		{9D7290DB-11FE-4853-B3CF-FA63AC3D510F}.Release|Any CPU.ActiveCfg = Release|Any CPU
		{9D7290DB-11FE-4853-B3CF-FA63AC3D510F}.Release|Any CPU.Build.0 = Release|Any CPU
		{81FCC037-8E8B-439C-AE92-B82822FAB34F}.Debug|Any CPU.ActiveCfg = Debug|Any CPU
		{81FCC037-8E8B-439C-AE92-B82822FAB34F}.Debug|Any CPU.Build.0 = Debug|Any CPU
		{81FCC037-8E8B-439C-AE92-B82822FAB34F}.Release|Any CPU.ActiveCfg = Release|Any CPU
		{81FCC037-8E8B-439C-AE92-B82822FAB34F}.Release|Any CPU.Build.0 = Release|Any CPU
	EndGlobalSection
	GlobalSection(SolutionProperties) = preSolution
		HideSolutionNode = FALSE
	EndGlobalSection
	GlobalSection(ExtensibilityGlobals) = postSolution
		SolutionGuid = {9180F420-C25D-4FC3-A284-286824CEB600}
	EndGlobalSection
EndGlobal
